PODS:
  - Alamofire (4.9.1)
  - AlamofireImage (3.6.0):
    - Alamofire (~> 4.9)
  - Introspect (0.1.1)

DEPENDENCIES:
  - Alamofire (~> 4.0)
  - AlamofireImage (~> 3.0)
  - Introspect

SPEC REPOS:
  trunk:
    - Alamofire
    - AlamofireImage
    - Introspect

SPEC CHECKSUMS:
  Alamofire: 85e8a02c69d6020a0d734f6054870d7ecb75cf18
  AlamofireImage: be9963c6582d68b39e89191f64c82a7d7bf40fdd
  Introspect: 50c17d6b1f091f4cfd678ea8a4157ac071808fe3

PODFILE CHECKSUM: 7d5fb3c5ec5a448bd9ddd8eb321479737a1a5a10

COCOAPODS: 1.8.4
